
Microsoft Visual Studio Solution File, Format Version 12.00
# Visual Studio Version 17
VisualStudioVersion = 17.8.34309.116
MinimumVisualStudioVersion = 10.0.40219.1
Project("{9A19103F-16F7-4668-BE54-9A1E7A4F7556}") = "Algos", "Algos\Algos.csproj", "{6438D9E6-6B76-48C4-8205-51FBE8BC4D76}"
EndProject
Project("{9A19103F-16F7-4668-BE54-9A1E7A4F7556}") = "Algos.Tests", "Algos.Tests\Algos.Tests.csproj", "{83CDFE4C-3372-4A22-AB12-D7FB0087DAC2}"
EndProject
Project("{9A19103F-16F7-4668-BE54-9A1E7A4F7556}") = "ConsoleApp", "ConsoleApp\ConsoleApp.csproj", "{B0F734E1-3AB8-46BA-994E-73A83F61E6C3}"
EndProject
Global
	GlobalSection(SolutionConfigurationPlatforms) = preSolution
		Debug|Any CPU = Debug|Any CPU
		Release|Any CPU = Release|Any CPU
	EndGlobalSection
	GlobalSection(ProjectConfigurationPlatforms) = postSolution
		{6438D9E6-6B76-48C4-8205-51FBE8BC4D76}.Debug|Any CPU.ActiveCfg = Debug|Any CPU
		{6438D9E6-6B76-48C4-8205-51FBE8BC4D76}.Debug|Any CPU.Build.0 = Debug|Any CPU
		{6438D9E6-6B76-48C4-8205-51FBE8BC4D76}.Release|Any CPU.ActiveCfg = Release|Any CPU
		{6438D9E6-6B76-48C4-8205-51FBE8BC4D76}.Release|Any CPU.Build.0 = Release|Any CPU
		{83CDFE4C-3372-4A22-AB12-D7FB0087DAC2}.Debug|Any CPU.ActiveCfg = Debug|Any CPU
		{83CDFE4C-3372-4A22-AB12-D7FB0087DAC2}.Debug|Any CPU.Build.0 = Debug|Any CPU
		{83CDFE4C-3372-4A22-AB12-D7FB0087DAC2}.Release|Any CPU.ActiveCfg = Release|Any CPU
		{83CDFE4C-3372-4A22-AB12-D7FB0087DAC2}.Release|Any CPU.Build.0 = Release|Any CPU
		{B0F734E1-3AB8-46BA-994E-73A83F61E6C3}.Debug|Any CPU.ActiveCfg = Debug|Any CPU
		{B0F734E1-3AB8-46BA-994E-73A83F61E6C3}.Debug|Any CPU.Build.0 = Debug|Any CPU
		{B0F734E1-3AB8-46BA-994E-73A83F61E6C3}.Release|Any CPU.ActiveCfg = Release|Any CPU
		{B0F734E1-3AB8-46BA-994E-73A83F61E6C3}.Release|Any CPU.Build.0 = Release|Any CPU
	EndGlobalSection
	GlobalSection(SolutionProperties) = preSolution
		HideSolutionNode = FALSE
	EndGlobalSection
	GlobalSection(ExtensibilityGlobals) = postSolution
		SolutionGuid = {88029729-CB45-47B6-A2D0-8F9B2ABC7529}
	EndGlobalSection
EndGlobal
